
Microsoft Visual Studio Solution File, Format Version 12.00
# Visual Studio 15
VisualStudioVersion = 15.0.27703.2042
MinimumVisualStudioVersion = 10.0.40219.1
Project("{FAE04EC0-301F-11D3-BF4B-00C04F79EFBC}") = "A12", "A12\A12.csproj", "{09C1663C-1473-401A-8064-96C35BFAA722}"
EndProject
Project("{FAE04EC0-301F-11D3-BF4B-00C04F79EFBC}") = "A12Tests", "A12Tests\A12Tests.csproj", "{F440CCF7-7D2D-46AA-A01F-8646391EB6B9}"
EndProject
Project("{FAE04EC0-301F-11D3-BF4B-00C04F79EFBC}") = "TestCommon", "..\Common\TestCommon\TestCommon.csproj", "{C39FF0C4-6960-42AD-8E2C-D2CAFE850A52}"
EndProject
Global
	GlobalSection(SolutionConfigurationPlatforms) = preSolution
		Debug|Any CPU = Debug|Any CPU
		Release|Any CPU = Release|Any CPU
	EndGlobalSection
	GlobalSection(ProjectConfigurationPlatforms) = postSolution
		{09C1663C-1473-401A-8064-96C35BFAA722}.Debug|Any CPU.ActiveCfg = Debug|Any CPU
		{09C1663C-1473-401A-8064-96C35BFAA722}.Debug|Any CPU.Build.0 = Debug|Any CPU
		{09C1663C-1473-401A-8064-96C35BFAA722}.Release|Any CPU.ActiveCfg = Release|Any CPU
		{09C1663C-1473-401A-8064-96C35BFAA722}.Release|Any CPU.Build.0 = Release|Any CPU
		{F440CCF7-7D2D-46AA-A01F-8646391EB6B9}.Debug|Any CPU.ActiveCfg = Debug|Any CPU
		{F440CCF7-7D2D-46AA-A01F-8646391EB6B9}.Debug|Any CPU.Build.0 = Debug|Any CPU
		{F440CCF7-7D2D-46AA-A01F-8646391EB6B9}.Release|Any CPU.ActiveCfg = Release|Any CPU
		{F440CCF7-7D2D-46AA-A01F-8646391EB6B9}.Release|Any CPU.Build.0 = Release|Any CPU
		{C39FF0C4-6960-42AD-8E2C-D2CAFE850A52}.Debug|Any CPU.ActiveCfg = Debug|Any CPU
		{C39FF0C4-6960-42AD-8E2C-D2CAFE850A52}.Debug|Any CPU.Build.0 = Debug|Any CPU
		{C39FF0C4-6960-42AD-8E2C-D2CAFE850A52}.Release|Any CPU.ActiveCfg = Release|Any CPU
		{C39FF0C4-6960-42AD-8E2C-D2CAFE850A52}.Release|Any CPU.Build.0 = Release|Any CPU
	EndGlobalSection
	GlobalSection(SolutionProperties) = preSolution
		HideSolutionNode = FALSE
	EndGlobalSection
	GlobalSection(ExtensibilityGlobals) = postSolution
		SolutionGuid = {D83E5448-6ED0-4C60-ABB1-31AF9A78F0FB}
	EndGlobalSection
EndGlobal
