
Microsoft Visual Studio Solution File, Format Version 12.00
# Visual Studio 15
VisualStudioVersion = 15.0.27703.2042
MinimumVisualStudioVersion = 10.0.40219.1
Project("{FAE04EC0-301F-11D3-BF4B-00C04F79EFBC}") = "A7", "A7\A7.csproj", "{615BD416-9D59-4919-9E87-08D3FAD3B131}"
EndProject
Project("{FAE04EC0-301F-11D3-BF4B-00C04F79EFBC}") = "A7Tests", "A7Tests\A7Tests.csproj", "{BD20C25B-1C01-4060-BAE3-34912EA99FA5}"
EndProject
Project("{FAE04EC0-301F-11D3-BF4B-00C04F79EFBC}") = "TestCommon", "..\Common\TestCommon\TestCommon.csproj", "{C39FF0C4-6960-42AD-8E2C-D2CAFE850A52}"
EndProject
Global
	GlobalSection(SolutionConfigurationPlatforms) = preSolution
		Debug|Any CPU = Debug|Any CPU
		Release|Any CPU = Release|Any CPU
	EndGlobalSection
	GlobalSection(ProjectConfigurationPlatforms) = postSolution
		{615BD416-9D59-4919-9E87-08D3FAD3B131}.Debug|Any CPU.ActiveCfg = Debug|Any CPU
		{615BD416-9D59-4919-9E87-08D3FAD3B131}.Debug|Any CPU.Build.0 = Debug|Any CPU
		{615BD416-9D59-4919-9E87-08D3FAD3B131}.Release|Any CPU.ActiveCfg = Release|Any CPU
		{615BD416-9D59-4919-9E87-08D3FAD3B131}.Release|Any CPU.Build.0 = Release|Any CPU
		{BD20C25B-1C01-4060-BAE3-34912EA99FA5}.Debug|Any CPU.ActiveCfg = Debug|Any CPU
		{BD20C25B-1C01-4060-BAE3-34912EA99FA5}.Debug|Any CPU.Build.0 = Debug|Any CPU
		{BD20C25B-1C01-4060-BAE3-34912EA99FA5}.Release|Any CPU.ActiveCfg = Release|Any CPU
		{BD20C25B-1C01-4060-BAE3-34912EA99FA5}.Release|Any CPU.Build.0 = Release|Any CPU
		{C39FF0C4-6960-42AD-8E2C-D2CAFE850A52}.Debug|Any CPU.ActiveCfg = Debug|Any CPU
		{C39FF0C4-6960-42AD-8E2C-D2CAFE850A52}.Debug|Any CPU.Build.0 = Debug|Any CPU
		{C39FF0C4-6960-42AD-8E2C-D2CAFE850A52}.Release|Any CPU.ActiveCfg = Release|Any CPU
		{C39FF0C4-6960-42AD-8E2C-D2CAFE850A52}.Release|Any CPU.Build.0 = Release|Any CPU
	EndGlobalSection
	GlobalSection(SolutionProperties) = preSolution
		HideSolutionNode = FALSE
	EndGlobalSection
	GlobalSection(ExtensibilityGlobals) = postSolution
		SolutionGuid = {58FE46EB-DFE2-4214-89A7-9EAA831A9323}
	EndGlobalSection
EndGlobal
